
Microsoft Visual Studio Solution File, Format Version 12.00
# Visual Studio 14
VisualStudioVersion = 14.0.23107.0
MinimumVisualStudioVersion = 10.0.40219.1
Project("{FAE04EC0-301F-11D3-BF4B-00C04F79EFBC}") = "StackKata", "StackKata\StackKata.csproj", "{26FDEE16-C630-4AE3-A7F5-B4A9D90E2E79}"
EndProject
Project("{FAE04EC0-301F-11D3-BF4B-00C04F79EFBC}") = "UnitTest", "UnitTest\UnitTest.csproj", "{B34B2263-2B09-450D-95E3-85152197666E}"
EndProject
Global
	GlobalSection(SolutionConfigurationPlatforms) = preSolution
		Debug|Any CPU = Debug|Any CPU
		Release|Any CPU = Release|Any CPU
	EndGlobalSection
	GlobalSection(ProjectConfigurationPlatforms) = postSolution
		{26FDEE16-C630-4AE3-A7F5-B4A9D90E2E79}.Debug|Any CPU.ActiveCfg = Debug|Any CPU
		{26FDEE16-C630-4AE3-A7F5-B4A9D90E2E79}.Debug|Any CPU.Build.0 = Debug|Any CPU
		{26FDEE16-C630-4AE3-A7F5-B4A9D90E2E79}.Release|Any CPU.ActiveCfg = Release|Any CPU
		{26FDEE16-C630-4AE3-A7F5-B4A9D90E2E79}.Release|Any CPU.Build.0 = Release|Any CPU
		{B34B2263-2B09-450D-95E3-85152197666E}.Debug|Any CPU.ActiveCfg = Debug|Any CPU
		{B34B2263-2B09-450D-95E3-85152197666E}.Debug|Any CPU.Build.0 = Debug|Any CPU
		{B34B2263-2B09-450D-95E3-85152197666E}.Release|Any CPU.ActiveCfg = Release|Any CPU
		{B34B2263-2B09-450D-95E3-85152197666E}.Release|Any CPU.Build.0 = Release|Any CPU
	EndGlobalSection
	GlobalSection(SolutionProperties) = preSolution
		HideSolutionNode = FALSE
	EndGlobalSection
EndGlobal
